
Microsoft Visual Studio Solution File, Format Version 12.00
# Visual Studio Version 17
VisualStudioVersion = 17.4.33213.308
MinimumVisualStudioVersion = 10.0.40219.1
Project("{FAE04EC0-301F-11D3-BF4B-00C04F79EFBC}") = "StrongPassword", "StrongPassword\StrongPassword.csproj", "{D0797B7B-043A-44F0-ADC9-C5E80D35AC8F}"
EndProject
Global
	GlobalSection(SolutionConfigurationPlatforms) = preSolution
		Debug|Any CPU = Debug|Any CPU
		Release|Any CPU = Release|Any CPU
	EndGlobalSection
	GlobalSection(ProjectConfigurationPlatforms) = postSolution
		{D0797B7B-043A-44F0-ADC9-C5E80D35AC8F}.Debug|Any CPU.ActiveCfg = Debug|Any CPU
		{D0797B7B-043A-44F0-ADC9-C5E80D35AC8F}.Debug|Any CPU.Build.0 = Debug|Any CPU
		{D0797B7B-043A-44F0-ADC9-C5E80D35AC8F}.Release|Any CPU.ActiveCfg = Release|Any CPU
		{D0797B7B-043A-44F0-ADC9-C5E80D35AC8F}.Release|Any CPU.Build.0 = Release|Any CPU
	EndGlobalSection
	GlobalSection(SolutionProperties) = preSolution
		HideSolutionNode = FALSE
	EndGlobalSection
	GlobalSection(ExtensibilityGlobals) = postSolution
		SolutionGuid = {37B5139C-44BB-4221-8B57-47B04E6B574D}
	EndGlobalSection
EndGlobal
